
Microsoft Visual Studio Solution File, Format Version 12.00
# Visual Studio Version 16
VisualStudioVersion = 16.0.29509.3
MinimumVisualStudioVersion = 10.0.40219.1
Project("{FAE04EC0-301F-11D3-BF4B-00C04F79EFBC}") = "MyPrimeraAplicacionWeb", "MyPrimeraAplicacionWeb\MyPrimeraAplicacionWeb.csproj", "{DF1D1551-1434-4AD9-A8A7-551782473A2B}"
EndProject
Global
	GlobalSection(SolutionConfigurationPlatforms) = preSolution
		Debug|Any CPU = Debug|Any CPU
		Release|Any CPU = Release|Any CPU
	EndGlobalSection
	GlobalSection(ProjectConfigurationPlatforms) = postSolution
		{DF1D1551-1434-4AD9-A8A7-551782473A2B}.Debug|Any CPU.ActiveCfg = Debug|Any CPU
		{DF1D1551-1434-4AD9-A8A7-551782473A2B}.Debug|Any CPU.Build.0 = Debug|Any CPU
		{DF1D1551-1434-4AD9-A8A7-551782473A2B}.Release|Any CPU.ActiveCfg = Release|Any CPU
		{DF1D1551-1434-4AD9-A8A7-551782473A2B}.Release|Any CPU.Build.0 = Release|Any CPU
	EndGlobalSection
	GlobalSection(SolutionProperties) = preSolution
		HideSolutionNode = FALSE
	EndGlobalSection
	GlobalSection(ExtensibilityGlobals) = postSolution
		SolutionGuid = {9FB2BB04-AFA9-49DC-96EF-5D364FFCB42F}
	EndGlobalSection
EndGlobal
